// !$*UTF8*$!
{
	archiveVersion = 1;
	classes = {
	};
	objectVersion = 46;
	objects = {

/* Begin PBXBuildFile section */
		633F8E9F19BF1610009FFE6D /* CoreDataHelper.m in Sources */ = {isa = PBXBuildFile; fileRef = 633F8E9E19BF1610009FFE6D /* CoreDataHelper.m */; };
		6343C47119BF19C300150644 /* PhotosCollectionViewController.m in Sources */ = {isa = PBXBuildFile; fileRef = 6343C47019BF19C300150644 /* PhotosCollectionViewController.m */; };
		6343C47419BF1C2B00150644 /* PhotoCollectionViewCell.m in Sources */ = {isa = PBXBuildFile; fileRef = 6343C47319BF1C2B00150644 /* PhotoCollectionViewCell.m */; };
		6343C47619BF1FD900150644 /* Default.jpg in Resources */ = {isa = PBXBuildFile; fileRef = 6343C47519BF1FD900150644 /* Default.jpg */; };
		634D883219C057610021197C /* FiltersCollectionViewController.m in Sources */ = {isa = PBXBuildFile; fileRef = 634D883119C057610021197C /* FiltersCollectionViewController.m */; };
		6353C6D919BFA2EF00F32DDB /* Photo.m in Sources */ = {isa = PBXBuildFile; fileRef = 6353C6D819BFA2EF00F32DDB /* Photo.m */; };
		6353C6DC19BFA2EF00F32DDB /* Album.m in Sources */ = {isa = PBXBuildFile; fileRef = 6353C6DB19BFA2EF00F32DDB /* Album.m */; };
		6353C6DF19BFA3D100F32DDB /* PictureDataTransformer.m in Sources */ = {isa = PBXBuildFile; fileRef = 6353C6DE19BFA3D100F32DDB /* PictureDataTransformer.m */; };
		6353C6E219BFB00500F32DDB /* PhotoDetailViewController.m in Sources */ = {isa = PBXBuildFile; fileRef = 6353C6E119BFB00500F32DDB /* PhotoDetailViewController.m */; };
		63C8CDC519BE59910030CC8A /* main.m in Sources */ = {isa = PBXBuildFile; fileRef = 63C8CDC419BE59910030CC8A /* main.m */; };
		63C8CDC819BE59910030CC8A /* AppDelegate.m in Sources */ = {isa = PBXBuildFile; fileRef = 63C8CDC719BE59910030CC8A /* AppDelegate.m */; };
		63C8CDCB19BE59910030CC8A /* Thousand_Words.xcdatamodeld in Sources */ = {isa = PBXBuildFile; fileRef = 63C8CDC919BE59910030CC8A /* Thousand_Words.xcdatamodeld */; };
		63C8CDD319BE59910030CC8A /* Images.xcassets in Resources */ = {isa = PBXBuildFile; fileRef = 63C8CDD219BE59910030CC8A /* Images.xcassets */; };
		63C8CDDF19BE59910030CC8A /* Thousand_WordsTests.m in Sources */ = {isa = PBXBuildFile; fileRef = 63C8CDDE19BE59910030CC8A /* Thousand_WordsTests.m */; };
		63C8CDE919BE5B230030CC8A /* Main.storyboard in Resources */ = {isa = PBXBuildFile; fileRef = 63C8CDE819BE5B230030CC8A /* Main.storyboard */; };
		63C8CDEC19BE5BC10030CC8A /* AlbumTableViewController.m in Sources */ = {isa = PBXBuildFile; fileRef = 63C8CDEB19BE5BC10030CC8A /* AlbumTableViewController.m */; };
/* End PBXBuildFile section */

/* Begin PBXContainerItemProxy section */
		63C8CDD919BE59910030CC8A /* PBXContainerItemProxy */ = {
			isa = PBXContainerItemProxy;
			containerPortal = 63C8CDB719BE59910030CC8A /* Project object */;
			proxyType = 1;
			remoteGlobalIDString = 63C8CDBE19BE59910030CC8A;
			remoteInfo = "Thousand Words";
		};
/* End PBXContainerItemProxy section */

/* Begin PBXFileReference section */
		633F8E9D19BF1610009FFE6D /* CoreDataHelper.h */ = {isa = PBXFileReference; fileEncoding = 4; lastKnownFileType = sourcecode.c.h; path = CoreDataHelper.h; sourceTree = "<group>"; };
		633F8E9E19BF1610009FFE6D /* CoreDataHelper.m */ = {isa = PBXFileReference; fileEncoding = 4; lastKnownFileType = sourcecode.c.objc; path = CoreDataHelper.m; sourceTree = "<group>"; };
		6343C46F19BF19C300150644 /* PhotosCollectionViewController.h */ = {isa = PBXFileReference; fileEncoding = 4; lastKnownFileType = sourcecode.c.h; path = PhotosCollectionViewController.h; sourceTree = "<group>"; };
		6343C47019BF19C300150644 /* PhotosCollectionViewController.m */ = {isa = PBXFileReference; fileEncoding = 4; lastKnownFileType = sourcecode.c.objc; path = PhotosCollectionViewController.m; sourceTree = "<group>"; };
		6343C47219BF1C2B00150644 /* PhotoCollectionViewCell.h */ = {isa = PBXFileReference; fileEncoding = 4; lastKnownFileType = sourcecode.c.h; path = PhotoCollectionViewCell.h; sourceTree = "<group>"; };
		6343C47319BF1C2B00150644 /* PhotoCollectionViewCell.m */ = {isa = PBXFileReference; fileEncoding = 4; lastKnownFileType = sourcecode.c.objc; path = PhotoCollectionViewCell.m; sourceTree = "<group>"; };
		6343C47519BF1FD900150644 /* Default.jpg */ = {isa = PBXFileReference; lastKnownFileType = image.jpeg; path = Default.jpg; sourceTree = "<group>"; };
		634D883019C057610021197C /* FiltersCollectionViewController.h */ = {isa = PBXFileReference; fileEncoding = 4; lastKnownFileType = sourcecode.c.h; path = FiltersCollectionViewController.h; sourceTree = "<group>"; };
		634D883119C057610021197C /* FiltersCollectionViewController.m */ = {isa = PBXFileReference; fileEncoding = 4; lastKnownFileType = sourcecode.c.objc; path = FiltersCollectionViewController.m; sourceTree = "<group>"; };
		6353C6D719BFA2EF00F32DDB /* Photo.h */ = {isa = PBXFileReference; fileEncoding = 4; lastKnownFileType = sourcecode.c.h; path = Photo.h; sourceTree = "<group>"; };
		6353C6D819BFA2EF00F32DDB /* Photo.m */ = {isa = PBXFileReference; fileEncoding = 4; lastKnownFileType = sourcecode.c.objc; path = Photo.m; sourceTree = "<group>"; };
		6353C6DA19BFA2EF00F32DDB /* Album.h */ = {isa = PBXFileReference; fileEncoding = 4; lastKnownFileType = sourcecode.c.h; path = Album.h; sourceTree = "<group>"; };
		6353C6DB19BFA2EF00F32DDB /* Album.m */ = {isa = PBXFileReference; fileEncoding = 4; lastKnownFileType = sourcecode.c.objc; path = Album.m; sourceTree = "<group>"; };
		6353C6DD19BFA3D100F32DDB /* PictureDataTransformer.h */ = {isa = PBXFileReference; fileEncoding = 4; lastKnownFileType = sourcecode.c.h; path = PictureDataTransformer.h; sourceTree = "<group>"; };
		6353C6DE19BFA3D100F32DDB /* PictureDataTransformer.m */ = {isa = PBXFileReference; fileEncoding = 4; lastKnownFileType = sourcecode.c.objc; path = PictureDataTransformer.m; sourceTree = "<group>"; };
		6353C6E019BFB00500F32DDB /* PhotoDetailViewController.h */ = {isa = PBXFileReference; fileEncoding = 4; lastKnownFileType = sourcecode.c.h; path = PhotoDetailViewController.h; sourceTree = "<group>"; };
		6353C6E119BFB00500F32DDB /* PhotoDetailViewController.m */ = {isa = PBXFileReference; fileEncoding = 4; lastKnownFileType = sourcecode.c.objc; path = PhotoDetailViewController.m; sourceTree = "<group>"; };
		63C8CDBF19BE59910030CC8A /* Thousand Words.app */ = {isa = PBXFileReference; explicitFileType = wrapper.application; includeInIndex = 0; path = "Thousand Words.app"; sourceTree = BUILT_PRODUCTS_DIR; };
		63C8CDC319BE59910030CC8A /* Info.plist */ = {isa = PBXFileReference; lastKnownFileType = text.plist.xml; path = Info.plist; sourceTree = "<group>"; };
		63C8CDC419BE59910030CC8A /* main.m */ = {isa = PBXFileReference; lastKnownFileType = sourcecode.c.objc; path = main.m; sourceTree = "<group>"; };
		63C8CDC619BE59910030CC8A /* AppDelegate.h */ = {isa = PBXFileReference; lastKnownFileType = sourcecode.c.h; path = AppDelegate.h; sourceTree = "<group>"; };
		63C8CDC719BE59910030CC8A /* AppDelegate.m */ = {isa = PBXFileReference; lastKnownFileType = sourcecode.c.objc; path = AppDelegate.m; sourceTree = "<group>"; };
		63C8CDCA19BE59910030CC8A /* Thousand_Words.xcdatamodel */ = {isa = PBXFileReference; lastKnownFileType = wrapper.xcdatamodel; path = Thousand_Words.xcdatamodel; sourceTree = "<group>"; };
		63C8CDD219BE59910030CC8A /* Images.xcassets */ = {isa = PBXFileReference; lastKnownFileType = folder.assetcatalog; path = Images.xcassets; sourceTree = "<group>"; };
		63C8CDD819BE59910030CC8A /* Thousand WordsTests.xctest */ = {isa = PBXFileReference; explicitFileType = wrapper.cfbundle; includeInIndex = 0; path = "Thousand WordsTests.xctest"; sourceTree = BUILT_PRODUCTS_DIR; };
		63C8CDDD19BE59910030CC8A /* Info.plist */ = {isa = PBXFileReference; lastKnownFileType = text.plist.xml; path = Info.plist; sourceTree = "<group>"; };
		63C8CDDE19BE59910030CC8A /* Thousand_WordsTests.m */ = {isa = PBXFileReference; lastKnownFileType = sourcecode.c.objc; path = Thousand_WordsTests.m; sourceTree = "<group>"; };
		63C8CDE819BE5B230030CC8A /* Main.storyboard */ = {isa = PBXFileReference; fileEncoding = 4; lastKnownFileType = file.storyboard; path = Main.storyboard; sourceTree = "<group>"; };
		63C8CDEA19BE5BC10030CC8A /* AlbumTableViewController.h */ = {isa = PBXFileReference; fileEncoding = 4; lastKnownFileType = sourcecode.c.h; path = AlbumTableViewController.h; sourceTree = "<group>"; };
		63C8CDEB19BE5BC10030CC8A /* AlbumTableViewController.m */ = {isa = PBXFileReference; fileEncoding = 4; lastKnownFileType = sourcecode.c.objc; path = AlbumTableViewController.m; sourceTree = "<group>"; };
/* End PBXFileReference section */

/* Begin PBXFrameworksBuildPhase section */
		63C8CDBC19BE59910030CC8A /* Frameworks */ = {
			isa = PBXFrameworksBuildPhase;
			buildActionMask = 2147483647;
			files = (
			);
			runOnlyForDeploymentPostprocessing = 0;
		};
		63C8CDD519BE59910030CC8A /* Frameworks */ = {
			isa = PBXFrameworksBuildPhase;
			buildActionMask = 2147483647;
			files = (
			);
			runOnlyForDeploymentPostprocessing = 0;
		};
/* End PBXFrameworksBuildPhase section */

/* Begin PBXGroup section */
		633F8E9C19BE5FDD009FFE6D /* CoreData Model */ = {
			isa = PBXGroup;
			children = (
				63C8CDC919BE59910030CC8A /* Thousand_Words.xcdatamodeld */,
				6353C6DA19BFA2EF00F32DDB /* Album.h */,
				6353C6DB19BFA2EF00F32DDB /* Album.m */,
				6353C6D719BFA2EF00F32DDB /* Photo.h */,
				6353C6D819BFA2EF00F32DDB /* Photo.m */,
			);
			name = "CoreData Model";
			sourceTree = "<group>";
		};
		6343C47719BF22C100150644 /* Views */ = {
			isa = PBXGroup;
			children = (
				6343C47219BF1C2B00150644 /* PhotoCollectionViewCell.h */,
				6343C47319BF1C2B00150644 /* PhotoCollectionViewCell.m */,
			);
			name = Views;
			sourceTree = "<group>";
		};
		6353C6E319BFB01B00F32DDB /* Helpers */ = {
			isa = PBXGroup;
			children = (
				633F8E9D19BF1610009FFE6D /* CoreDataHelper.h */,
				633F8E9E19BF1610009FFE6D /* CoreDataHelper.m */,
				6353C6DD19BFA3D100F32DDB /* PictureDataTransformer.h */,
				6353C6DE19BFA3D100F32DDB /* PictureDataTransformer.m */,
			);
			name = Helpers;
			sourceTree = "<group>";
		};
		63C8CDB619BE59910030CC8A = {
			isa = PBXGroup;
			children = (
				63C8CDC119BE59910030CC8A /* Thousand Words */,
				63C8CDDB19BE59910030CC8A /* Thousand WordsTests */,
				63C8CDC019BE59910030CC8A /* Products */,
			);
			sourceTree = "<group>";
		};
		63C8CDC019BE59910030CC8A /* Products */ = {
			isa = PBXGroup;
			children = (
				63C8CDBF19BE59910030CC8A /* Thousand Words.app */,
				63C8CDD819BE59910030CC8A /* Thousand WordsTests.xctest */,
			);
			name = Products;
			sourceTree = "<group>";
		};
		63C8CDC119BE59910030CC8A /* Thousand Words */ = {
			isa = PBXGroup;
			children = (
				633F8E9C19BE5FDD009FFE6D /* CoreData Model */,
				63C8CDE819BE5B230030CC8A /* Main.storyboard */,
				6343C47719BF22C100150644 /* Views */,
				63C8CDEA19BE5BC10030CC8A /* AlbumTableViewController.h */,
				63C8CDEB19BE5BC10030CC8A /* AlbumTableViewController.m */,
				6343C46F19BF19C300150644 /* PhotosCollectionViewController.h */,
				6343C47019BF19C300150644 /* PhotosCollectionViewController.m */,
				6353C6E019BFB00500F32DDB /* PhotoDetailViewController.h */,
				6353C6E119BFB00500F32DDB /* PhotoDetailViewController.m */,
				634D883019C057610021197C /* FiltersCollectionViewController.h */,
				634D883119C057610021197C /* FiltersCollectionViewController.m */,
				6353C6E319BFB01B00F32DDB /* Helpers */,
				63C8CDD219BE59910030CC8A /* Images.xcassets */,
				63C8CDC219BE59910030CC8A /* Supporting Files */,
			);
			path = "Thousand Words";
			sourceTree = "<group>";
		};
		63C8CDC219BE59910030CC8A /* Supporting Files */ = {
			isa = PBXGroup;
			children = (
				6343C47519BF1FD900150644 /* Default.jpg */,
				63C8CDC619BE59910030CC8A /* AppDelegate.h */,
				63C8CDC719BE59910030CC8A /* AppDelegate.m */,
				63C8CDC319BE59910030CC8A /* Info.plist */,
				63C8CDC419BE59910030CC8A /* main.m */,
			);
			name = "Supporting Files";
			sourceTree = "<group>";
		};
		63C8CDDB19BE59910030CC8A /* Thousand WordsTests */ = {
			isa = PBXGroup;
			children = (
				63C8CDDE19BE59910030CC8A /* Thousand_WordsTests.m */,
				63C8CDDC19BE59910030CC8A /* Supporting Files */,
			);
			path = "Thousand WordsTests";
			sourceTree = "<group>";
		};
		63C8CDDC19BE59910030CC8A /* Supporting Files */ = {
			isa = PBXGroup;
			children = (
				63C8CDDD19BE59910030CC8A /* Info.plist */,
			);
			name = "Supporting Files";
			sourceTree = "<group>";
		};
/* End PBXGroup section */

/* Begin PBXNativeTarget section */
		63C8CDBE19BE59910030CC8A /* Thousand Words */ = {
			isa = PBXNativeTarget;
			buildConfigurationList = 63C8CDE219BE59910030CC8A /* Build configuration list for PBXNativeTarget "Thousand Words" */;
			buildPhases = (
				63C8CDBB19BE59910030CC8A /* Sources */,
				63C8CDBC19BE59910030CC8A /* Frameworks */,
				63C8CDBD19BE59910030CC8A /* Resources */,
			);
			buildRules = (
			);
			dependencies = (
			);
			name = "Thousand Words";
			productName = "Thousand Words";
			productReference = 63C8CDBF19BE59910030CC8A /* Thousand Words.app */;
			productType = "com.apple.product-type.application";
		};
		63C8CDD719BE59910030CC8A /* Thousand WordsTests */ = {
			isa = PBXNativeTarget;
			buildConfigurationList = 63C8CDE519BE59910030CC8A /* Build configuration list for PBXNativeTarget "Thousand WordsTests" */;
			buildPhases = (
				63C8CDD419BE59910030CC8A /* Sources */,
				63C8CDD519BE59910030CC8A /* Frameworks */,
				63C8CDD619BE59910030CC8A /* Resources */,
			);
			buildRules = (
			);
			dependencies = (
				63C8CDDA19BE59910030CC8A /* PBXTargetDependency */,
			);
			name = "Thousand WordsTests";
			productName = "Thousand WordsTests";
			productReference = 63C8CDD819BE59910030CC8A /* Thousand WordsTests.xctest */;
			productType = "com.apple.product-type.bundle.unit-test";
		};
/* End PBXNativeTarget section */

/* Begin PBXProject section */
		63C8CDB719BE59910030CC8A /* Project object */ = {
			isa = PBXProject;
			attributes = {
				LastUpgradeCheck = 0600;
				ORGANIZATIONNAME = "Piri-Piri";
				TargetAttributes = {
					63C8CDBE19BE59910030CC8A = {
						CreatedOnToolsVersion = 6.0;
					};
					63C8CDD719BE59910030CC8A = {
						CreatedOnToolsVersion = 6.0;
						TestTargetID = 63C8CDBE19BE59910030CC8A;
					};
				};
			};
			buildConfigurationList = 63C8CDBA19BE59910030CC8A /* Build configuration list for PBXProject "Thousand Words" */;
			compatibilityVersion = "Xcode 3.2";
			developmentRegion = English;
			hasScannedForEncodings = 0;
			knownRegions = (
				en,
				Base,
			);
			mainGroup = 63C8CDB619BE59910030CC8A;
			productRefGroup = 63C8CDC019BE59910030CC8A /* Products */;
			projectDirPath = "";
			projectRoot = "";
			targets = (
				63C8CDBE19BE59910030CC8A /* Thousand Words */,
				63C8CDD719BE59910030CC8A /* Thousand WordsTests */,
			);
		};
/* End PBXProject section */

/* Begin PBXResourcesBuildPhase section */
		63C8CDBD19BE59910030CC8A /* Resources */ = {
			isa = PBXResourcesBuildPhase;
			buildActionMask = 2147483647;
			files = (
				63C8CDD319BE59910030CC8A /* Images.xcassets in Resources */,
				6343C47619BF1FD900150644 /* Default.jpg in Resources */,
				63C8CDE919BE5B230030CC8A /* Main.storyboard in Resources */,
			);
			runOnlyForDeploymentPostprocessing = 0;
		};
		63C8CDD619BE59910030CC8A /* Resources */ = {
			isa = PBXResourcesBuildPhase;
			buildActionMask = 2147483647;
			files = (
			);
			runOnlyForDeploymentPostprocessing = 0;
		};
/* End PBXResourcesBuildPhase section */

/* Begin PBXSourcesBuildPhase section */
		63C8CDBB19BE59910030CC8A /* Sources */ = {
			isa = PBXSourcesBuildPhase;
			buildActionMask = 2147483647;
			files = (
				6353C6DF19BFA3D100F32DDB /* PictureDataTransformer.m in Sources */,
				6353C6E219BFB00500F32DDB /* PhotoDetailViewController.m in Sources */,
				633F8E9F19BF1610009FFE6D /* CoreDataHelper.m in Sources */,
				63C8CDC819BE59910030CC8A /* AppDelegate.m in Sources */,
				634D883219C057610021197C /* FiltersCollectionViewController.m in Sources */,
				63C8CDEC19BE5BC10030CC8A /* AlbumTableViewController.m in Sources */,
				6343C47119BF19C300150644 /* PhotosCollectionViewController.m in Sources */,
				6353C6D919BFA2EF00F32DDB /* Photo.m in Sources */,
				63C8CDC519BE59910030CC8A /* main.m in Sources */,
				6353C6DC19BFA2EF00F32DDB /* Album.m in Sources */,
				6343C47419BF1C2B00150644 /* PhotoCollectionViewCell.m in Sources */,
				63C8CDCB19BE59910030CC8A /* Thousand_Words.xcdatamodeld in Sources */,
			);
			runOnlyForDeploymentPostprocessing = 0;
		};
		63C8CDD419BE59910030CC8A /* Sources */ = {
			isa = PBXSourcesBuildPhase;
			buildActionMask = 2147483647;
			files = (
				63C8CDDF19BE59910030CC8A /* Thousand_WordsTests.m in Sources */,
			);
			runOnlyForDeploymentPostprocessing = 0;
		};
/* End PBXSourcesBuildPhase section */

/* Begin PBXTargetDependency section */
		63C8CDDA19BE59910030CC8A /* PBXTargetDependency */ = {
			isa = PBXTargetDependency;
			target = 63C8CDBE19BE59910030CC8A /* Thousand Words */;
			targetProxy = 63C8CDD919BE59910030CC8A /* PBXContainerItemProxy */;
		};
/* End PBXTargetDependency section */

/* Begin XCBuildConfiguration section */
		63C8CDE019BE59910030CC8A /* Debug */ = {
			isa = XCBuildConfiguration;
			buildSettings = {
				ALWAYS_SEARCH_USER_PATHS = NO;
				CLANG_CXX_LANGUAGE_STANDARD = "gnu++0x";
				CLANG_CXX_LIBRARY = "libc++";
				CLANG_ENABLE_MODULES = YES;
				CLANG_ENABLE_OBJC_ARC = YES;
				CLANG_WARN_BOOL_CONVERSION = YES;
				CLANG_WARN_CONSTANT_CONVERSION = YES;
				CLANG_WARN_DIRECT_OBJC_ISA_USAGE = YES_ERROR;
				CLANG_WARN_EMPTY_BODY = YES;
				CLANG_WARN_ENUM_CONVERSION = YES;
				CLANG_WARN_INT_CONVERSION = YES;
				CLANG_WARN_OBJC_ROOT_CLASS = YES_ERROR;
				CLANG_WARN_UNREACHABLE_CODE = YES;
				CLANG_WARN__DUPLICATE_METHOD_MATCH = YES;
				"CODE_SIGN_IDENTITY[sdk=iphoneos*]" = "iPhone Developer";
				COPY_PHASE_STRIP = NO;
				ENABLE_STRICT_OBJC_MSGSEND = YES;
				GCC_C_LANGUAGE_STANDARD = gnu99;
				GCC_DYNAMIC_NO_PIC = NO;
				GCC_OPTIMIZATION_LEVEL = 0;
				GCC_PREPROCESSOR_DEFINITIONS = (
					"DEBUG=1",
					"$(inherited)",
				);
				GCC_SYMBOLS_PRIVATE_EXTERN = NO;
				GCC_WARN_64_TO_32_BIT_CONVERSION = YES;
				GCC_WARN_ABOUT_RETURN_TYPE = YES_ERROR;
				GCC_WARN_UNDECLARED_SELECTOR = YES;
				GCC_WARN_UNINITIALIZED_AUTOS = YES_AGGRESSIVE;
				GCC_WARN_UNUSED_FUNCTION = YES;
				GCC_WARN_UNUSED_VARIABLE = YES;
				IPHONEOS_DEPLOYMENT_TARGET = 8.0;
				MTL_ENABLE_DEBUG_INFO = YES;
				ONLY_ACTIVE_ARCH = YES;
				SDKROOT = iphoneos;
			};
			name = Debug;
		};
		63C8CDE119BE59910030CC8A /* Release */ = {
			isa = XCBuildConfiguration;
			buildSettings = {
				ALWAYS_SEARCH_USER_PATHS = NO;
				CLANG_CXX_LANGUAGE_STANDARD = "gnu++0x";
				CLANG_CXX_LIBRARY = "libc++";
				CLANG_ENABLE_MODULES = YES;
				CLANG_ENABLE_OBJC_ARC = YES;
				CLANG_WARN_BOOL_CONVERSION = YES;
				CLANG_WARN_CONSTANT_CONVERSION = YES;
				CLANG_WARN_DIRECT_OBJC_ISA_USAGE = YES_ERROR;
				CLANG_WARN_EMPTY_BODY = YES;
				CLANG_WARN_ENUM_CONVERSION = YES;
				CLANG_WARN_INT_CONVERSION = YES;
				CLANG_WARN_OBJC_ROOT_CLASS = YES_ERROR;
				CLANG_WARN_UNREACHABLE_CODE = YES;
				CLANG_WARN__DUPLICATE_METHOD_MATCH = YES;
				"CODE_SIGN_IDENTITY[sdk=iphoneos*]" = "iPhone Developer";
				COPY_PHASE_STRIP = YES;
				ENABLE_NS_ASSERTIONS = NO;
				ENABLE_STRICT_OBJC_MSGSEND = YES;
				GCC_C_LANGUAGE_STANDARD = gnu99;
				GCC_WARN_64_TO_32_BIT_CONVERSION = YES;
				GCC_WARN_ABOUT_RETURN_TYPE = YES_ERROR;
				GCC_WARN_UNDECLARED_SELECTOR = YES;
				GCC_WARN_UNINITIALIZED_AUTOS = YES_AGGRESSIVE;
				GCC_WARN_UNUSED_FUNCTION = YES;
				GCC_WARN_UNUSED_VARIABLE = YES;
				IPHONEOS_DEPLOYMENT_TARGET = 8.0;
				MTL_ENABLE_DEBUG_INFO = NO;
				SDKROOT = iphoneos;
				VALIDATE_PRODUCT = YES;
			};
			name = Release;
		};
		63C8CDE319BE59910030CC8A /* Debug */ = {
			isa = XCBuildConfiguration;
			buildSettings = {
				ASSETCATALOG_COMPILER_APPICON_NAME = AppIcon;
				ASSETCATALOG_COMPILER_LAUNCHIMAGE_NAME = LaunchImage;
				CLANG_ENABLE_MODULES = YES;
				INFOPLIST_FILE = "Thousand Words/Info.plist";
				LD_RUNPATH_SEARCH_PATHS = "$(inherited) @executable_path/Frameworks";
				PRODUCT_NAME = "$(TARGET_NAME)";
				SWIFT_OPTIMIZATION_LEVEL = "-Onone";
			};
			name = Debug;
		};
		63C8CDE419BE59910030CC8A /* Release */ = {
			isa = XCBuildConfiguration;
			buildSettings = {
				ASSETCATALOG_COMPILER_APPICON_NAME = AppIcon;
				ASSETCATALOG_COMPILER_LAUNCHIMAGE_NAME = LaunchImage;
				CLANG_ENABLE_MODULES = YES;
				INFOPLIST_FILE = "Thousand Words/Info.plist";
				LD_RUNPATH_SEARCH_PATHS = "$(inherited) @executable_path/Frameworks";
				PRODUCT_NAME = "$(TARGET_NAME)";
			};
			name = Release;
		};
		63C8CDE619BE59910030CC8A /* Debug */ = {
			isa = XCBuildConfiguration;
			buildSettings = {
				BUNDLE_LOADER = "$(TEST_HOST)";
				FRAMEWORK_SEARCH_PATHS = (
					"$(SDKROOT)/Developer/Library/Frameworks",
					"$(inherited)",
				);
				GCC_PREPROCESSOR_DEFINITIONS = (
					"DEBUG=1",
					"$(inherited)",
				);
				INFOPLIST_FILE = "Thousand WordsTests/Info.plist";
				LD_RUNPATH_SEARCH_PATHS = "$(inherited) @executable_path/Frameworks @loader_path/Frameworks";
				PRODUCT_NAME = "$(TARGET_NAME)";
				TEST_HOST = "$(BUILT_PRODUCTS_DIR)/Thousand Words.app/Thousand Words";
			};
			name = Debug;
		};
		63C8CDE719BE59910030CC8A /* Release */ = {
			isa = XCBuildConfiguration;
			buildSettings = {
				BUNDLE_LOADER = "$(TEST_HOST)";
				FRAMEWORK_SEARCH_PATHS = (
					"$(SDKROOT)/Developer/Library/Frameworks",
					"$(inherited)",
				);
				INFOPLIST_FILE = "Thousand WordsTests/Info.plist";
				LD_RUNPATH_SEARCH_PATHS = "$(inherited) @executable_path/Frameworks @loader_path/Frameworks";
				PRODUCT_NAME = "$(TARGET_NAME)";
				TEST_HOST = "$(BUILT_PRODUCTS_DIR)/Thousand Words.app/Thousand Words";
			};
			name = Release;
		};
/* End XCBuildConfiguration section */

/* Begin XCConfigurationList section */
		63C8CDBA19BE59910030CC8A /* Build configuration list for PBXProject "Thousand Words" */ = {
			isa = XCConfigurationList;
			buildConfigurations = (
				63C8CDE019BE59910030CC8A /* Debug */,
				63C8CDE119BE59910030CC8A /* Release */,
			);
			defaultConfigurationIsVisible = 0;
			defaultConfigurationName = Release;
		};
		63C8CDE219BE59910030CC8A /* Build configuration list for PBXNativeTarget "Thousand Words" */ = {
			isa = XCConfigurationList;
			buildConfigurations = (
				63C8CDE319BE59910030CC8A /* Debug */,
				63C8CDE419BE59910030CC8A /* Release */,
			);
			defaultConfigurationIsVisible = 0;
			defaultConfigurationName = Release;
		};
		63C8CDE519BE59910030CC8A /* Build configuration list for PBXNativeTarget "Thousand WordsTests" */ = {
			isa = XCConfigurationList;
			buildConfigurations = (
				63C8CDE619BE59910030CC8A /* Debug */,
				63C8CDE719BE59910030CC8A /* Release */,
			);
			defaultConfigurationIsVisible = 0;
			defaultConfigurationName = Release;
		};
/* End XCConfigurationList section */

/* Begin XCVersionGroup section */
		63C8CDC919BE59910030CC8A /* Thousand_Words.xcdatamodeld */ = {
			isa = XCVersionGroup;
			children = (
				63C8CDCA19BE59910030CC8A /* Thousand_Words.xcdatamodel */,
			);
			currentVersion = 63C8CDCA19BE59910030CC8A /* Thousand_Words.xcdatamodel */;
			path = Thousand_Words.xcdatamodeld;
			sourceTree = "<group>";
			versionGroupType = wrapper.xcdatamodel;
		};
/* End XCVersionGroup section */
	};
	rootObject = 63C8CDB719BE59910030CC8A /* Project object */;
}
